// !$*UTF8*$!
{
	archiveVersion = 1;
	classes = {
	};
	objectVersion = 55;
	objects = {

/* Begin PBXBuildFile section */
		271C37BC2833A15600D5433B /* Lab4App.swift in Sources */ = {isa = PBXBuildFile; fileRef = 271C37BB2833A15600D5433B /* Lab4App.swift */; };
		271C37BE2833A15600D5433B /* ContentView.swift in Sources */ = {isa = PBXBuildFile; fileRef = 271C37BD2833A15600D5433B /* ContentView.swift */; };
		271C37C02833A15800D5433B /* Assets.xcassets in Resources */ = {isa = PBXBuildFile; fileRef = 271C37BF2833A15800D5433B /* Assets.xcassets */; };
		271C37C32833A15800D5433B /* Preview Assets.xcassets in Resources */ = {isa = PBXBuildFile; fileRef = 271C37C22833A15800D5433B /* Preview Assets.xcassets */; };
		271C37CB2833A22C00D5433B /* FirstView.swift in Sources */ = {isa = PBXBuildFile; fileRef = 271C37CA2833A22C00D5433B /* FirstView.swift */; };
		271C37CD2833A23D00D5433B /* SecondView.swift in Sources */ = {isa = PBXBuildFile; fileRef = 271C37CC2833A23D00D5433B /* SecondView.swift */; };
		271C37CF2833A2A800D5433B /* ThirdView.swift in Sources */ = {isa = PBXBuildFile; fileRef = 271C37CE2833A2A800D5433B /* ThirdView.swift */; };
		271C37D12833A2BE00D5433B /* FourthView.swift in Sources */ = {isa = PBXBuildFile; fileRef = 271C37D02833A2BE00D5433B /* FourthView.swift */; };
		271C37D32833A2CF00D5433B /* FifthView.swift in Sources */ = {isa = PBXBuildFile; fileRef = 271C37D22833A2CF00D5433B /* FifthView.swift */; };
		27F284BB28473D9100F0BE4A /* AlertToast in Frameworks */ = {isa = PBXBuildFile; productRef = 27F284BA28473D9100F0BE4A /* AlertToast */; };
		27F284BE2847404200F0BE4A /* AlertToast in Frameworks */ = {isa = PBXBuildFile; productRef = 27F284BD2847404200F0BE4A /* AlertToast */; };
/* End PBXBuildFile section */

/* Begin PBXFileReference section */
		271C37B82833A15600D5433B /* Lab4.app */ = {isa = PBXFileReference; explicitFileType = wrapper.application; includeInIndex = 0; path = Lab4.app; sourceTree = BUILT_PRODUCTS_DIR; };
		271C37BB2833A15600D5433B /* Lab4App.swift */ = {isa = PBXFileReference; lastKnownFileType = sourcecode.swift; path = Lab4App.swift; sourceTree = "<group>"; };
		271C37BD2833A15600D5433B /* ContentView.swift */ = {isa = PBXFileReference; lastKnownFileType = sourcecode.swift; path = ContentView.swift; sourceTree = "<group>"; };
		271C37BF2833A15800D5433B /* Assets.xcassets */ = {isa = PBXFileReference; lastKnownFileType = folder.assetcatalog; path = Assets.xcassets; sourceTree = "<group>"; };
		271C37C22833A15800D5433B /* Preview Assets.xcassets */ = {isa = PBXFileReference; lastKnownFileType = folder.assetcatalog; path = "Preview Assets.xcassets"; sourceTree = "<group>"; };
		271C37C92833A17400D5433B /* README.md */ = {isa = PBXFileReference; lastKnownFileType = net.daringfireball.markdown; path = README.md; sourceTree = "<group>"; };
		271C37CA2833A22C00D5433B /* FirstView.swift */ = {isa = PBXFileReference; lastKnownFileType = sourcecode.swift; path = FirstView.swift; sourceTree = "<group>"; };
		271C37CC2833A23D00D5433B /* SecondView.swift */ = {isa = PBXFileReference; lastKnownFileType = sourcecode.swift; path = SecondView.swift; sourceTree = "<group>"; };
		271C37CE2833A2A800D5433B /* ThirdView.swift */ = {isa = PBXFileReference; lastKnownFileType = sourcecode.swift; path = ThirdView.swift; sourceTree = "<group>"; };
		271C37D02833A2BE00D5433B /* FourthView.swift */ = {isa = PBXFileReference; lastKnownFileType = sourcecode.swift; path = FourthView.swift; sourceTree = "<group>"; };
		271C37D22833A2CF00D5433B /* FifthView.swift */ = {isa = PBXFileReference; lastKnownFileType = sourcecode.swift; path = FifthView.swift; sourceTree = "<group>"; };
/* End PBXFileReference section */

/* Begin PBXFrameworksBuildPhase section */
		271C37B52833A15600D5433B /* Frameworks */ = {
			isa = PBXFrameworksBuildPhase;
			buildActionMask = 2147483647;
			files = (
				27F284BB28473D9100F0BE4A /* AlertToast in Frameworks */,
				27F284BE2847404200F0BE4A /* AlertToast in Frameworks */,
			);
			runOnlyForDeploymentPostprocessing = 0;
		};
/* End PBXFrameworksBuildPhase section */

/* Begin PBXGroup section */
		271C37AF2833A15600D5433B = {
			isa = PBXGroup;
			children = (
				271C37C92833A17400D5433B /* README.md */,
				271C37BA2833A15600D5433B /* Lab4 */,
				271C37B92833A15600D5433B /* Products */,
			);
			sourceTree = "<group>";
		};
		271C37B92833A15600D5433B /* Products */ = {
			isa = PBXGroup;
			children = (
				271C37B82833A15600D5433B /* Lab4.app */,
			);
			name = Products;
			sourceTree = "<group>";
		};
		271C37BA2833A15600D5433B /* Lab4 */ = {
			isa = PBXGroup;
			children = (
				271C37BB2833A15600D5433B /* Lab4App.swift */,
				271C37BD2833A15600D5433B /* ContentView.swift */,
				271C37BF2833A15800D5433B /* Assets.xcassets */,
				271C37C12833A15800D5433B /* Preview Content */,
				271C37CA2833A22C00D5433B /* FirstView.swift */,
				271C37CC2833A23D00D5433B /* SecondView.swift */,
				271C37CE2833A2A800D5433B /* ThirdView.swift */,
				271C37D02833A2BE00D5433B /* FourthView.swift */,
				271C37D22833A2CF00D5433B /* FifthView.swift */,
			);
			path = Lab4;
			sourceTree = "<group>";
		};
		271C37C12833A15800D5433B /* Preview Content */ = {
			isa = PBXGroup;
			children = (
				271C37C22833A15800D5433B /* Preview Assets.xcassets */,
			);
			path = "Preview Content";
			sourceTree = "<group>";
		};
/* End PBXGroup section */

/* Begin PBXNativeTarget section */
		271C37B72833A15600D5433B /* Lab4 */ = {
			isa = PBXNativeTarget;
			buildConfigurationList = 271C37C62833A15800D5433B /* Build configuration list for PBXNativeTarget "Lab4" */;
			buildPhases = (
				271C37B42833A15600D5433B /* Sources */,
				271C37B52833A15600D5433B /* Frameworks */,
				271C37B62833A15600D5433B /* Resources */,
			);
			buildRules = (
			);
			dependencies = (
			);
			name = Lab4;
			packageProductDependencies = (
				27F284BA28473D9100F0BE4A /* AlertToast */,
				27F284BD2847404200F0BE4A /* AlertToast */,
			);
			productName = Lab4;
			productReference = 271C37B82833A15600D5433B /* Lab4.app */;
			productType = "com.apple.product-type.application";
		};
/* End PBXNativeTarget section */

/* Begin PBXProject section */
		271C37B02833A15600D5433B /* Project object */ = {
			isa = PBXProject;
			attributes = {
				BuildIndependentTargetsInParallel = 1;
				LastSwiftUpdateCheck = 1330;
				LastUpgradeCheck = 1330;
				TargetAttributes = {
					271C37B72833A15600D5433B = {
						CreatedOnToolsVersion = 13.3.1;
					};
				};
			};
			buildConfigurationList = 271C37B32833A15600D5433B /* Build configuration list for PBXProject "Lab4" */;
			compatibilityVersion = "Xcode 13.0";
			developmentRegion = en;
			hasScannedForEncodings = 0;
			knownRegions = (
				en,
				Base,
			);
			mainGroup = 271C37AF2833A15600D5433B;
			packageReferences = (
				27F284B928473D9000F0BE4A /* XCRemoteSwiftPackageReference "AlertToast" */,
				27F284BC2847404200F0BE4A /* XCRemoteSwiftPackageReference "AlertToast" */,
			);
			productRefGroup = 271C37B92833A15600D5433B /* Products */;
			projectDirPath = "";
			projectRoot = "";
			targets = (
				271C37B72833A15600D5433B /* Lab4 */,
			);
		};
/* End PBXProject section */

/* Begin PBXResourcesBuildPhase section */
		271C37B62833A15600D5433B /* Resources */ = {
			isa = PBXResourcesBuildPhase;
			buildActionMask = 2147483647;
			files = (
				271C37C32833A15800D5433B /* Preview Assets.xcassets in Resources */,
				271C37C02833A15800D5433B /* Assets.xcassets in Resources */,
			);
			runOnlyForDeploymentPostprocessing = 0;
		};
/* End PBXResourcesBuildPhase section */

/* Begin PBXSourcesBuildPhase section */
		271C37B42833A15600D5433B /* Sources */ = {
			isa = PBXSourcesBuildPhase;
			buildActionMask = 2147483647;
			files = (
				271C37BE2833A15600D5433B /* ContentView.swift in Sources */,
				271C37CF2833A2A800D5433B /* ThirdView.swift in Sources */,
				271C37CB2833A22C00D5433B /* FirstView.swift in Sources */,
				271C37CD2833A23D00D5433B /* SecondView.swift in Sources */,
				271C37D12833A2BE00D5433B /* FourthView.swift in Sources */,
				271C37D32833A2CF00D5433B /* FifthView.swift in Sources */,
				271C37BC2833A15600D5433B /* Lab4App.swift in Sources */,
			);
			runOnlyForDeploymentPostprocessing = 0;
		};
/* End PBXSourcesBuildPhase section */

/* Begin XCBuildConfiguration section */
		271C37C42833A15800D5433B /* Debug */ = {
			isa = XCBuildConfiguration;
			buildSettings = {
				ALWAYS_SEARCH_USER_PATHS = NO;
				CLANG_ANALYZER_NONNULL = YES;
				CLANG_ANALYZER_NUMBER_OBJECT_CONVERSION = YES_AGGRESSIVE;
				CLANG_CXX_LANGUAGE_STANDARD = "gnu++17";
				CLANG_ENABLE_MODULES = YES;
				CLANG_ENABLE_OBJC_ARC = YES;
				CLANG_ENABLE_OBJC_WEAK = YES;
				CLANG_WARN_BLOCK_CAPTURE_AUTORELEASING = YES;
				CLANG_WARN_BOOL_CONVERSION = YES;
				CLANG_WARN_COMMA = YES;
				CLANG_WARN_CONSTANT_CONVERSION = YES;
				CLANG_WARN_DEPRECATED_OBJC_IMPLEMENTATIONS = YES;
				CLANG_WARN_DIRECT_OBJC_ISA_USAGE = YES_ERROR;
				CLANG_WARN_DOCUMENTATION_COMMENTS = YES;
				CLANG_WARN_EMPTY_BODY = YES;
				CLANG_WARN_ENUM_CONVERSION = YES;
				CLANG_WARN_INFINITE_RECURSION = YES;
				CLANG_WARN_INT_CONVERSION = YES;
				CLANG_WARN_NON_LITERAL_NULL_CONVERSION = YES;
				CLANG_WARN_OBJC_IMPLICIT_RETAIN_SELF = YES;
				CLANG_WARN_OBJC_LITERAL_CONVERSION = YES;
				CLANG_WARN_OBJC_ROOT_CLASS = YES_ERROR;
				CLANG_WARN_QUOTED_INCLUDE_IN_FRAMEWORK_HEADER = YES;
				CLANG_WARN_RANGE_LOOP_ANALYSIS = YES;
				CLANG_WARN_STRICT_PROTOTYPES = YES;
				CLANG_WARN_SUSPICIOUS_MOVE = YES;
				CLANG_WARN_UNGUARDED_AVAILABILITY = YES_AGGRESSIVE;
				CLANG_WARN_UNREACHABLE_CODE = YES;
				CLANG_WARN__DUPLICATE_METHOD_MATCH = YES;
				COPY_PHASE_STRIP = NO;
				DEBUG_INFORMATION_FORMAT = dwarf;
				ENABLE_STRICT_OBJC_MSGSEND = YES;
				ENABLE_TESTABILITY = YES;
				GCC_C_LANGUAGE_STANDARD = gnu11;
				GCC_DYNAMIC_NO_PIC = NO;
				GCC_NO_COMMON_BLOCKS = YES;
				GCC_OPTIMIZATION_LEVEL = 0;
				GCC_PREPROCESSOR_DEFINITIONS = (
					"DEBUG=1",
					"$(inherited)",
				);
				GCC_WARN_64_TO_32_BIT_CONVERSION = YES;
				GCC_WARN_ABOUT_RETURN_TYPE = YES_ERROR;
				GCC_WARN_UNDECLARED_SELECTOR = YES;
				GCC_WARN_UNINITIALIZED_AUTOS = YES_AGGRESSIVE;
				GCC_WARN_UNUSED_FUNCTION = YES;
				GCC_WARN_UNUSED_VARIABLE = YES;
				IPHONEOS_DEPLOYMENT_TARGET = 15.4;
				MTL_ENABLE_DEBUG_INFO = INCLUDE_SOURCE;
				MTL_FAST_MATH = YES;
				ONLY_ACTIVE_ARCH = YES;
				SDKROOT = iphoneos;
				SWIFT_ACTIVE_COMPILATION_CONDITIONS = DEBUG;
				SWIFT_OPTIMIZATION_LEVEL = "-Onone";
			};
			name = Debug;
		};
		271C37C52833A15800D5433B /* Release */ = {
			isa = XCBuildConfiguration;
			buildSettings = {
				ALWAYS_SEARCH_USER_PATHS = NO;
				CLANG_ANALYZER_NONNULL = YES;
				CLANG_ANALYZER_NUMBER_OBJECT_CONVERSION = YES_AGGRESSIVE;
				CLANG_CXX_LANGUAGE_STANDARD = "gnu++17";
				CLANG_ENABLE_MODULES = YES;
				CLANG_ENABLE_OBJC_ARC = YES;
				CLANG_ENABLE_OBJC_WEAK = YES;
				CLANG_WARN_BLOCK_CAPTURE_AUTORELEASING = YES;
				CLANG_WARN_BOOL_CONVERSION = YES;
				CLANG_WARN_COMMA = YES;
				CLANG_WARN_CONSTANT_CONVERSION = YES;
				CLANG_WARN_DEPRECATED_OBJC_IMPLEMENTATIONS = YES;
				CLANG_WARN_DIRECT_OBJC_ISA_USAGE = YES_ERROR;
				CLANG_WARN_DOCUMENTATION_COMMENTS = YES;
				CLANG_WARN_EMPTY_BODY = YES;
				CLANG_WARN_ENUM_CONVERSION = YES;
				CLANG_WARN_INFINITE_RECURSION = YES;
				CLANG_WARN_INT_CONVERSION = YES;
				CLANG_WARN_NON_LITERAL_NULL_CONVERSION = YES;
				CLANG_WARN_OBJC_IMPLICIT_RETAIN_SELF = YES;
				CLANG_WARN_OBJC_LITERAL_CONVERSION = YES;
				CLANG_WARN_OBJC_ROOT_CLASS = YES_ERROR;
				CLANG_WARN_QUOTED_INCLUDE_IN_FRAMEWORK_HEADER = YES;
				CLANG_WARN_RANGE_LOOP_ANALYSIS = YES;
				CLANG_WARN_STRICT_PROTOTYPES = YES;
				CLANG_WARN_SUSPICIOUS_MOVE = YES;
				CLANG_WARN_UNGUARDED_AVAILABILITY = YES_AGGRESSIVE;
				CLANG_WARN_UNREACHABLE_CODE = YES;
				CLANG_WARN__DUPLICATE_METHOD_MATCH = YES;
				COPY_PHASE_STRIP = NO;
				DEBUG_INFORMATION_FORMAT = "dwarf-with-dsym";
				ENABLE_NS_ASSERTIONS = NO;
				ENABLE_STRICT_OBJC_MSGSEND = YES;
				GCC_C_LANGUAGE_STANDARD = gnu11;
				GCC_NO_COMMON_BLOCKS = YES;
				GCC_WARN_64_TO_32_BIT_CONVERSION = YES;
				GCC_WARN_ABOUT_RETURN_TYPE = YES_ERROR;
				GCC_WARN_UNDECLARED_SELECTOR = YES;
				GCC_WARN_UNINITIALIZED_AUTOS = YES_AGGRESSIVE;
				GCC_WARN_UNUSED_FUNCTION = YES;
				GCC_WARN_UNUSED_VARIABLE = YES;
				IPHONEOS_DEPLOYMENT_TARGET = 15.4;
				MTL_ENABLE_DEBUG_INFO = NO;
				MTL_FAST_MATH = YES;
				SDKROOT = iphoneos;
				SWIFT_COMPILATION_MODE = wholemodule;
				SWIFT_OPTIMIZATION_LEVEL = "-O";
				VALIDATE_PRODUCT = YES;
			};
			name = Release;
		};
		271C37C72833A15800D5433B /* Debug */ = {
			isa = XCBuildConfiguration;
			buildSettings = {
				ASSETCATALOG_COMPILER_APPICON_NAME = AppIcon;
				ASSETCATALOG_COMPILER_GLOBAL_ACCENT_COLOR_NAME = AccentColor;
				CODE_SIGN_STYLE = Automatic;
				CURRENT_PROJECT_VERSION = 1;
				DEVELOPMENT_ASSET_PATHS = "\"Lab4/Preview Content\"";
				DEVELOPMENT_TEAM = RHX7JU9423;
				ENABLE_PREVIEWS = YES;
				GENERATE_INFOPLIST_FILE = YES;
				INFOPLIST_KEY_UIApplicationSceneManifest_Generation = YES;
				INFOPLIST_KEY_UIApplicationSupportsIndirectInputEvents = YES;
				INFOPLIST_KEY_UILaunchScreen_Generation = YES;
				INFOPLIST_KEY_UISupportedInterfaceOrientations_iPad = "UIInterfaceOrientationPortrait UIInterfaceOrientationPortraitUpsideDown UIInterfaceOrientationLandscapeLeft UIInterfaceOrientationLandscapeRight";
				INFOPLIST_KEY_UISupportedInterfaceOrientations_iPhone = "UIInterfaceOrientationPortrait UIInterfaceOrientationLandscapeLeft UIInterfaceOrientationLandscapeRight";
				LD_RUNPATH_SEARCH_PATHS = (
					"$(inherited)",
					"@executable_path/Frameworks",
				);
				MARKETING_VERSION = 1.0;
				PRODUCT_BUNDLE_IDENTIFIER = amw.Lab4;
				PRODUCT_NAME = "$(TARGET_NAME)";
				SWIFT_EMIT_LOC_STRINGS = YES;
				SWIFT_VERSION = 5.0;
				TARGETED_DEVICE_FAMILY = "1,2";
			};
			name = Debug;
		};
		271C37C82833A15800D5433B /* Release */ = {
			isa = XCBuildConfiguration;
			buildSettings = {
				ASSETCATALOG_COMPILER_APPICON_NAME = AppIcon;
				ASSETCATALOG_COMPILER_GLOBAL_ACCENT_COLOR_NAME = AccentColor;
				CODE_SIGN_STYLE = Automatic;
				CURRENT_PROJECT_VERSION = 1;
				DEVELOPMENT_ASSET_PATHS = "\"Lab4/Preview Content\"";
				DEVELOPMENT_TEAM = RHX7JU9423;
				ENABLE_PREVIEWS = YES;
				GENERATE_INFOPLIST_FILE = YES;
				INFOPLIST_KEY_UIApplicationSceneManifest_Generation = YES;
				INFOPLIST_KEY_UIApplicationSupportsIndirectInputEvents = YES;
				INFOPLIST_KEY_UILaunchScreen_Generation = YES;
				INFOPLIST_KEY_UISupportedInterfaceOrientations_iPad = "UIInterfaceOrientationPortrait UIInterfaceOrientationPortraitUpsideDown UIInterfaceOrientationLandscapeLeft UIInterfaceOrientationLandscapeRight";
				INFOPLIST_KEY_UISupportedInterfaceOrientations_iPhone = "UIInterfaceOrientationPortrait UIInterfaceOrientationLandscapeLeft UIInterfaceOrientationLandscapeRight";
				LD_RUNPATH_SEARCH_PATHS = (
					"$(inherited)",
					"@executable_path/Frameworks",
				);
				MARKETING_VERSION = 1.0;
				PRODUCT_BUNDLE_IDENTIFIER = amw.Lab4;
				PRODUCT_NAME = "$(TARGET_NAME)";
				SWIFT_EMIT_LOC_STRINGS = YES;
				SWIFT_VERSION = 5.0;
				TARGETED_DEVICE_FAMILY = "1,2";
			};
			name = Release;
		};
/* End XCBuildConfiguration section */

/* Begin XCConfigurationList section */
		271C37B32833A15600D5433B /* Build configuration list for PBXProject "Lab4" */ = {
			isa = XCConfigurationList;
			buildConfigurations = (
				271C37C42833A15800D5433B /* Debug */,
				271C37C52833A15800D5433B /* Release */,
			);
			defaultConfigurationIsVisible = 0;
			defaultConfigurationName = Release;
		};
		271C37C62833A15800D5433B /* Build configuration list for PBXNativeTarget "Lab4" */ = {
			isa = XCConfigurationList;
			buildConfigurations = (
				271C37C72833A15800D5433B /* Debug */,
				271C37C82833A15800D5433B /* Release */,
			);
			defaultConfigurationIsVisible = 0;
			defaultConfigurationName = Release;
		};
/* End XCConfigurationList section */

/* Begin XCRemoteSwiftPackageReference section */
		27F284B928473D9000F0BE4A /* XCRemoteSwiftPackageReference "AlertToast" */ = {
			isa = XCRemoteSwiftPackageReference;
			repositoryURL = "https://github.com/elai950/AlertToast.git";
			requirement = {
				kind = upToNextMajorVersion;
				minimumVersion = 1.0.0;
			};
		};
		27F284BC2847404200F0BE4A /* XCRemoteSwiftPackageReference "AlertToast" */ = {
			isa = XCRemoteSwiftPackageReference;
			repositoryURL = "https://github.com/elai950/AlertToast.git";
			requirement = {
				branch = master;
				kind = branch;
			};
		};
/* End XCRemoteSwiftPackageReference section */

/* Begin XCSwiftPackageProductDependency section */
		27F284BA28473D9100F0BE4A /* AlertToast */ = {
			isa = XCSwiftPackageProductDependency;
			package = 27F284B928473D9000F0BE4A /* XCRemoteSwiftPackageReference "AlertToast" */;
			productName = AlertToast;
		};
		27F284BD2847404200F0BE4A /* AlertToast */ = {
			isa = XCSwiftPackageProductDependency;
			package = 27F284BC2847404200F0BE4A /* XCRemoteSwiftPackageReference "AlertToast" */;
			productName = AlertToast;
		};
/* End XCSwiftPackageProductDependency section */
	};
	rootObject = 271C37B02833A15600D5433B /* Project object */;
}
